
Microsoft Visual Studio Solution File, Format Version 12.00
# Visual Studio Version 16
VisualStudioVersion = 16.0.30611.23
MinimumVisualStudioVersion = 10.0.40219.1
Project("{FAE04EC0-301F-11D3-BF4B-00C04F79EFBC}") = "ReadRawAudioPhone.Android", "ReadRawAudioPhone.Android\ReadRawAudioPhone.Android.csproj", "{DD9C4299-15AA-44C8-B728-FC2CBEABE036}"
EndProject
Project("{FAE04EC0-301F-11D3-BF4B-00C04F79EFBC}") = "ReadRawAudioPhone", "ReadRawAudioPhone\ReadRawAudioPhone.csproj", "{2AE06DAE-F0FA-4B69-ABCC-F8912C548DC8}"
EndProject
Global
	GlobalSection(SolutionConfigurationPlatforms) = preSolution
		Debug|Any CPU = Debug|Any CPU
		Release|Any CPU = Release|Any CPU
	EndGlobalSection
	GlobalSection(ProjectConfigurationPlatforms) = postSolution
		{DD9C4299-15AA-44C8-B728-FC2CBEABE036}.Debug|Any CPU.ActiveCfg = Debug|Any CPU
		{DD9C4299-15AA-44C8-B728-FC2CBEABE036}.Debug|Any CPU.Build.0 = Debug|Any CPU
		{DD9C4299-15AA-44C8-B728-FC2CBEABE036}.Debug|Any CPU.Deploy.0 = Debug|Any CPU
		{DD9C4299-15AA-44C8-B728-FC2CBEABE036}.Release|Any CPU.ActiveCfg = Release|Any CPU
		{DD9C4299-15AA-44C8-B728-FC2CBEABE036}.Release|Any CPU.Build.0 = Release|Any CPU
		{DD9C4299-15AA-44C8-B728-FC2CBEABE036}.Release|Any CPU.Deploy.0 = Release|Any CPU
		{2AE06DAE-F0FA-4B69-ABCC-F8912C548DC8}.Debug|Any CPU.ActiveCfg = Debug|Any CPU
		{2AE06DAE-F0FA-4B69-ABCC-F8912C548DC8}.Debug|Any CPU.Build.0 = Debug|Any CPU
		{2AE06DAE-F0FA-4B69-ABCC-F8912C548DC8}.Debug|Any CPU.Deploy.0 = Debug|Any CPU
		{2AE06DAE-F0FA-4B69-ABCC-F8912C548DC8}.Release|Any CPU.ActiveCfg = Release|Any CPU
		{2AE06DAE-F0FA-4B69-ABCC-F8912C548DC8}.Release|Any CPU.Build.0 = Release|Any CPU
		{2AE06DAE-F0FA-4B69-ABCC-F8912C548DC8}.Release|Any CPU.Deploy.0 = Release|Any CPU
	EndGlobalSection
	GlobalSection(SolutionProperties) = preSolution
		HideSolutionNode = FALSE
	EndGlobalSection
	GlobalSection(ExtensibilityGlobals) = postSolution
		SolutionGuid = {6061288C-A58F-4B14-8F82-C67F5620B16C}
	EndGlobalSection
EndGlobal
